
Microsoft Visual Studio Solution File, Format Version 12.00
# Visual Studio Version 17
VisualStudioVersion = 17.13.35825.156
MinimumVisualStudioVersion = 10.0.40219.1
Project("{FAE04EC0-301F-11D3-BF4B-00C04F79EFBC}") = "BlogApp", "BlogApp\BlogApp.csproj", "{E3B2464D-B3E0-4C43-A480-2BF7B9ABFD5A}"
EndProject
Global
	GlobalSection(SolutionConfigurationPlatforms) = preSolution
		Debug|Any CPU = Debug|Any CPU
		Release|Any CPU = Release|Any CPU
	EndGlobalSection
	GlobalSection(ProjectConfigurationPlatforms) = postSolution
		{E3B2464D-B3E0-4C43-A480-2BF7B9ABFD5A}.Debug|Any CPU.ActiveCfg = Debug|Any CPU
		{E3B2464D-B3E0-4C43-A480-2BF7B9ABFD5A}.Debug|Any CPU.Build.0 = Debug|Any CPU
		{E3B2464D-B3E0-4C43-A480-2BF7B9ABFD5A}.Release|Any CPU.ActiveCfg = Release|Any CPU
		{E3B2464D-B3E0-4C43-A480-2BF7B9ABFD5A}.Release|Any CPU.Build.0 = Release|Any CPU
	EndGlobalSection
	GlobalSection(SolutionProperties) = preSolution
		HideSolutionNode = FALSE
	EndGlobalSection
	GlobalSection(ExtensibilityGlobals) = postSolution
		SolutionGuid = {29BFF7A0-C7E5-41D8-9A4C-F36D3DE7A18E}
	EndGlobalSection
EndGlobal
